
Microsoft Visual Studio Solution File, Format Version 12.00
# Visual Studio Version 16
VisualStudioVersion = 16.0.31624.102
MinimumVisualStudioVersion = 10.0.40219.1
Project("{FAE04EC0-301F-11D3-BF4B-00C04F79EFBC}") = "AzureAppOnGitHub", "AzureAppOnGitHub\AzureAppOnGitHub.csproj", "{CBB115AC-46CB-4600-AF81-C5EA9B0304F2}"
EndProject
Global
	GlobalSection(SolutionConfigurationPlatforms) = preSolution
		Debug|Any CPU = Debug|Any CPU
		Release|Any CPU = Release|Any CPU
	EndGlobalSection
	GlobalSection(ProjectConfigurationPlatforms) = postSolution
		{CBB115AC-46CB-4600-AF81-C5EA9B0304F2}.Debug|Any CPU.ActiveCfg = Debug|Any CPU
		{CBB115AC-46CB-4600-AF81-C5EA9B0304F2}.Debug|Any CPU.Build.0 = Debug|Any CPU
		{CBB115AC-46CB-4600-AF81-C5EA9B0304F2}.Release|Any CPU.ActiveCfg = Release|Any CPU
		{CBB115AC-46CB-4600-AF81-C5EA9B0304F2}.Release|Any CPU.Build.0 = Release|Any CPU
	EndGlobalSection
	GlobalSection(SolutionProperties) = preSolution
		HideSolutionNode = FALSE
	EndGlobalSection
	GlobalSection(ExtensibilityGlobals) = postSolution
		SolutionGuid = {84878DE9-22F2-43AF-8858-629C9EA967AF}
	EndGlobalSection
EndGlobal
